
Microsoft Visual Studio Solution File, Format Version 12.00
# Visual Studio Version 17
VisualStudioVersion = 17.2.32630.192
MinimumVisualStudioVersion = 10.0.40219.1
Project("{FAE04EC0-301F-11D3-BF4B-00C04F79EFBC}") = "Smartbell.Api", "Smartbell.Api\Smartbell.Api.csproj", "{ED454751-76AA-463A-B38A-101F273D8D5B}"
EndProject
Project("{FAE04EC0-301F-11D3-BF4B-00C04F79EFBC}") = "Smartbell.App", "Smartbell.App\Smartbell.App.csproj", "{835FC4C0-FDAC-494D-9A04-8FD74472B1DE}"
EndProject
Project("{FAE04EC0-301F-11D3-BF4B-00C04F79EFBC}") = "Smartbell.Shared", "Smartbell.Shared\Smartbell.Shared.csproj", "{12B27FB4-7BFC-4A48-9DB8-F8949E1D3EAE}"
EndProject
Project("{2150E333-8FDC-42A3-9474-1A3956D46DE8}") = "Solution Items", "Solution Items", "{1FDA353A-9CE8-45F3-A907-9CF3A4DBBE18}"
	ProjectSection(SolutionItems) = preProject
		.editorconfig = .editorconfig
	EndProjectSection
EndProject
Global
	GlobalSection(SolutionConfigurationPlatforms) = preSolution
		Debug|Any CPU = Debug|Any CPU
		Release|Any CPU = Release|Any CPU
	EndGlobalSection
	GlobalSection(ProjectConfigurationPlatforms) = postSolution
		{ED454751-76AA-463A-B38A-101F273D8D5B}.Debug|Any CPU.ActiveCfg = Debug|Any CPU
		{ED454751-76AA-463A-B38A-101F273D8D5B}.Debug|Any CPU.Build.0 = Debug|Any CPU
		{ED454751-76AA-463A-B38A-101F273D8D5B}.Release|Any CPU.ActiveCfg = Release|Any CPU
		{ED454751-76AA-463A-B38A-101F273D8D5B}.Release|Any CPU.Build.0 = Release|Any CPU
		{835FC4C0-FDAC-494D-9A04-8FD74472B1DE}.Debug|Any CPU.ActiveCfg = Debug|Any CPU
		{835FC4C0-FDAC-494D-9A04-8FD74472B1DE}.Debug|Any CPU.Build.0 = Debug|Any CPU
		{835FC4C0-FDAC-494D-9A04-8FD74472B1DE}.Release|Any CPU.ActiveCfg = Release|Any CPU
		{835FC4C0-FDAC-494D-9A04-8FD74472B1DE}.Release|Any CPU.Build.0 = Release|Any CPU
		{12B27FB4-7BFC-4A48-9DB8-F8949E1D3EAE}.Debug|Any CPU.ActiveCfg = Debug|Any CPU
		{12B27FB4-7BFC-4A48-9DB8-F8949E1D3EAE}.Debug|Any CPU.Build.0 = Debug|Any CPU
		{12B27FB4-7BFC-4A48-9DB8-F8949E1D3EAE}.Release|Any CPU.ActiveCfg = Release|Any CPU
		{12B27FB4-7BFC-4A48-9DB8-F8949E1D3EAE}.Release|Any CPU.Build.0 = Release|Any CPU
	EndGlobalSection
	GlobalSection(SolutionProperties) = preSolution
		HideSolutionNode = FALSE
	EndGlobalSection
	GlobalSection(ExtensibilityGlobals) = postSolution
		SolutionGuid = {7825A2AC-D361-49C0-935B-CD02EC6C7B56}
	EndGlobalSection
EndGlobal
